// !$*UTF8*$!
{
	archiveVersion = 1;
	classes = {
	};
	objectVersion = 51;
	objects = {

/* Begin PBXBuildFile section */
		8803C449F806C1196EEEA15D /* Pods_MarvelComics.framework in Frameworks */ = {isa = PBXBuildFile; fileRef = 76E0C918AD6050A120C06E2C /* Pods_MarvelComics.framework */; };
		99184A2E21677C7E00F49D36 /* MarverlUrl.swift in Sources */ = {isa = PBXBuildFile; fileRef = 99184A2D21677C7E00F49D36 /* MarverlUrl.swift */; };
		99184A3021677CC100F49D36 /* MarverlImage.swift in Sources */ = {isa = PBXBuildFile; fileRef = 99184A2F21677CC100F49D36 /* MarverlImage.swift */; };
		99184A3E21679B9000F49D36 /* SummaryProtocol.swift in Sources */ = {isa = PBXBuildFile; fileRef = 99184A3D21679B9000F49D36 /* SummaryProtocol.swift */; };
		99184A4021679C9300F49D36 /* DataList.swift in Sources */ = {isa = PBXBuildFile; fileRef = 99184A3F21679C9300F49D36 /* DataList.swift */; };
		992316E9216B954F00344902 /* AdditionalDetailsPageViewController.swift in Sources */ = {isa = PBXBuildFile; fileRef = 992316E8216B954F00344902 /* AdditionalDetailsPageViewController.swift */; };
		992316ED216C7F3D00344902 /* Comic.swift in Sources */ = {isa = PBXBuildFile; fileRef = 992316EC216C7F3D00344902 /* Comic.swift */; };
		992316EF216C832600344902 /* EntityWithTitleAndMarvelImageProtocol.swift in Sources */ = {isa = PBXBuildFile; fileRef = 992316EE216C832600344902 /* EntityWithTitleAndMarvelImageProtocol.swift */; };
		992316F1216C883300344902 /* Story.swift in Sources */ = {isa = PBXBuildFile; fileRef = 992316F0216C883300344902 /* Story.swift */; };
		992316F3216C889F00344902 /* Series.swift in Sources */ = {isa = PBXBuildFile; fileRef = 992316F2216C889F00344902 /* Series.swift */; };
		992316F5216C88BC00344902 /* Event.swift in Sources */ = {isa = PBXBuildFile; fileRef = 992316F4216C88BC00344902 /* Event.swift */; };
		992683162166319500E8CE04 /* ResponseDataWrapper.swift in Sources */ = {isa = PBXBuildFile; fileRef = 992683152166319500E8CE04 /* ResponseDataWrapper.swift */; };
		99268318216633A000E8CE04 /* HeroListViewController.swift in Sources */ = {isa = PBXBuildFile; fileRef = 99268317216633A000E8CE04 /* HeroListViewController.swift */; };
		9926831A2166341900E8CE04 /* RequestManager.swift in Sources */ = {isa = PBXBuildFile; fileRef = 992683192166341900E8CE04 /* RequestManager.swift */; };
		9926831C21663CDB00E8CE04 /* AuthorizationViewController.swift in Sources */ = {isa = PBXBuildFile; fileRef = 9926831B21663CDB00E8CE04 /* AuthorizationViewController.swift */; };
		9926832021668C3000E8CE04 /* MainScreenTabBarController.swift in Sources */ = {isa = PBXBuildFile; fileRef = 9926831F21668C3000E8CE04 /* MainScreenTabBarController.swift */; };
		99293682216614340008DD48 /* AppDelegate.swift in Sources */ = {isa = PBXBuildFile; fileRef = 99293681216614340008DD48 /* AppDelegate.swift */; };
		99293687216614340008DD48 /* Main.storyboard in Resources */ = {isa = PBXBuildFile; fileRef = 99293685216614340008DD48 /* Main.storyboard */; };
		99293689216614360008DD48 /* Assets.xcassets in Resources */ = {isa = PBXBuildFile; fileRef = 99293688216614360008DD48 /* Assets.xcassets */; };
		9929368C216614360008DD48 /* LaunchScreen.storyboard in Resources */ = {isa = PBXBuildFile; fileRef = 9929368A216614360008DD48 /* LaunchScreen.storyboard */; };
		99293698216614E20008DD48 /* Hero.swift in Sources */ = {isa = PBXBuildFile; fileRef = 99293697216614E20008DD48 /* Hero.swift */; };
		996347A7216B41DE00716ED6 /* HeroCollectionViewCell.swift in Sources */ = {isa = PBXBuildFile; fileRef = 996347A6216B41DE00716ED6 /* HeroCollectionViewCell.swift */; };
		996347AF216B463D00716ED6 /* Heroes.storyboard in Resources */ = {isa = PBXBuildFile; fileRef = 996347AE216B463D00716ED6 /* Heroes.storyboard */; };
		996347B8216B64CF00716ED6 /* LogOutService.swift in Sources */ = {isa = PBXBuildFile; fileRef = 996347B7216B64CF00716ED6 /* LogOutService.swift */; };
		996347BA216B6A6500716ED6 /* HeroDetailsViewController.swift in Sources */ = {isa = PBXBuildFile; fileRef = 996347B9216B6A6500716ED6 /* HeroDetailsViewController.swift */; };
		99A106032167444400517659 /* ComicsSummary.swift in Sources */ = {isa = PBXBuildFile; fileRef = 99A106022167444400517659 /* ComicsSummary.swift */; };
		99A106052167445100517659 /* StorySummary.swift in Sources */ = {isa = PBXBuildFile; fileRef = 99A106042167445100517659 /* StorySummary.swift */; };
		99A106072167445A00517659 /* EventSummary.swift in Sources */ = {isa = PBXBuildFile; fileRef = 99A106062167445A00517659 /* EventSummary.swift */; };
		99A106092167446F00517659 /* SeriesSummary.swift in Sources */ = {isa = PBXBuildFile; fileRef = 99A106082167446F00517659 /* SeriesSummary.swift */; };
		99B85F28217092AF0054D741 /* NotificationNameExtension.swift in Sources */ = {isa = PBXBuildFile; fileRef = 99B85F27217092AF0054D741 /* NotificationNameExtension.swift */; };
		99B85F2A2170CB710054D741 /* ComicTableViewController.swift in Sources */ = {isa = PBXBuildFile; fileRef = 99B85F292170CB710054D741 /* ComicTableViewController.swift */; };
		99B85F2C2170DC5C0054D741 /* StoryTableViewController.swift in Sources */ = {isa = PBXBuildFile; fileRef = 99B85F2B2170DC5C0054D741 /* StoryTableViewController.swift */; };
		99B85F2E2170DEDE0054D741 /* EventTableViewController.swift in Sources */ = {isa = PBXBuildFile; fileRef = 99B85F2D2170DEDE0054D741 /* EventTableViewController.swift */; };
		99B85F302170E1970054D741 /* SeriesTableViewController.swift in Sources */ = {isa = PBXBuildFile; fileRef = 99B85F2F2170E1970054D741 /* SeriesTableViewController.swift */; };
		99C8D83121661CD100592F5E /* DataContainer.swift in Sources */ = {isa = PBXBuildFile; fileRef = 99C8D83021661CD100592F5E /* DataContainer.swift */; };
		99EEF5F12173608C009F91C9 /* EmailValidator.swift in Sources */ = {isa = PBXBuildFile; fileRef = 99EEF5F02173608C009F91C9 /* EmailValidator.swift */; };
		99EEF5F3217360EF009F91C9 /* PasswordValidator.swift in Sources */ = {isa = PBXBuildFile; fileRef = 99EEF5F2217360EF009F91C9 /* PasswordValidator.swift */; };
		99EEF5FB21736279009F91C9 /* MarvelComicsTests.swift in Sources */ = {isa = PBXBuildFile; fileRef = 99EEF5FA21736279009F91C9 /* MarvelComicsTests.swift */; };
		99EEF60321736436009F91C9 /* ValidatorTests.swift in Sources */ = {isa = PBXBuildFile; fileRef = 99EEF60221736436009F91C9 /* ValidatorTests.swift */; };
		99F11604216F375300FED80F /* ValidatorProtocol.swift in Sources */ = {isa = PBXBuildFile; fileRef = 99F11603216F375300FED80F /* ValidatorProtocol.swift */; };
		99F11606216F37DF00FED80F /* StorageManager.swift in Sources */ = {isa = PBXBuildFile; fileRef = 99F11605216F37DF00FED80F /* StorageManager.swift */; };
		99F5357B216CB54F00B375F8 /* MarvelComics.xcdatamodeld in Sources */ = {isa = PBXBuildFile; fileRef = 99F53579216CB54F00B375F8 /* MarvelComics.xcdatamodeld */; };
/* End PBXBuildFile section */

/* Begin PBXContainerItemProxy section */
		99EEF5FD21736279009F91C9 /* PBXContainerItemProxy */ = {
			isa = PBXContainerItemProxy;
			containerPortal = 99293676216614340008DD48 /* Project object */;
			proxyType = 1;
			remoteGlobalIDString = 9929367D216614340008DD48;
			remoteInfo = MarvelComics;
		};
/* End PBXContainerItemProxy section */

/* Begin PBXFileReference section */
		76E0C918AD6050A120C06E2C /* Pods_MarvelComics.framework */ = {isa = PBXFileReference; explicitFileType = wrapper.framework; includeInIndex = 0; path = Pods_MarvelComics.framework; sourceTree = BUILT_PRODUCTS_DIR; };
		8753238F3B0D5654BD6A1E8E /* Pods-MarvelComics.release.xcconfig */ = {isa = PBXFileReference; includeInIndex = 1; lastKnownFileType = text.xcconfig; name = "Pods-MarvelComics.release.xcconfig"; path = "Pods/Target Support Files/Pods-MarvelComics/Pods-MarvelComics.release.xcconfig"; sourceTree = "<group>"; };
		99184A2D21677C7E00F49D36 /* MarverlUrl.swift */ = {isa = PBXFileReference; lastKnownFileType = sourcecode.swift; path = MarverlUrl.swift; sourceTree = "<group>"; };
		99184A2F21677CC100F49D36 /* MarverlImage.swift */ = {isa = PBXFileReference; lastKnownFileType = sourcecode.swift; path = MarverlImage.swift; sourceTree = "<group>"; };
		99184A3D21679B9000F49D36 /* SummaryProtocol.swift */ = {isa = PBXFileReference; lastKnownFileType = sourcecode.swift; path = SummaryProtocol.swift; sourceTree = "<group>"; };
		99184A3F21679C9300F49D36 /* DataList.swift */ = {isa = PBXFileReference; lastKnownFileType = sourcecode.swift; path = DataList.swift; sourceTree = "<group>"; };
		992316E8216B954F00344902 /* AdditionalDetailsPageViewController.swift */ = {isa = PBXFileReference; lastKnownFileType = sourcecode.swift; path = AdditionalDetailsPageViewController.swift; sourceTree = "<group>"; };
		992316EC216C7F3D00344902 /* Comic.swift */ = {isa = PBXFileReference; lastKnownFileType = sourcecode.swift; path = Comic.swift; sourceTree = "<group>"; };
		992316EE216C832600344902 /* EntityWithTitleAndMarvelImageProtocol.swift */ = {isa = PBXFileReference; lastKnownFileType = sourcecode.swift; path = EntityWithTitleAndMarvelImageProtocol.swift; sourceTree = "<group>"; };
		992316F0216C883300344902 /* Story.swift */ = {isa = PBXFileReference; lastKnownFileType = sourcecode.swift; path = Story.swift; sourceTree = "<group>"; };
		992316F2216C889F00344902 /* Series.swift */ = {isa = PBXFileReference; lastKnownFileType = sourcecode.swift; path = Series.swift; sourceTree = "<group>"; };
		992316F4216C88BC00344902 /* Event.swift */ = {isa = PBXFileReference; lastKnownFileType = sourcecode.swift; path = Event.swift; sourceTree = "<group>"; };
		992683152166319500E8CE04 /* ResponseDataWrapper.swift */ = {isa = PBXFileReference; lastKnownFileType = sourcecode.swift; path = ResponseDataWrapper.swift; sourceTree = "<group>"; };
		99268317216633A000E8CE04 /* HeroListViewController.swift */ = {isa = PBXFileReference; lastKnownFileType = sourcecode.swift; path = HeroListViewController.swift; sourceTree = "<group>"; };
		992683192166341900E8CE04 /* RequestManager.swift */ = {isa = PBXFileReference; lastKnownFileType = sourcecode.swift; path = RequestManager.swift; sourceTree = "<group>"; };
		9926831B21663CDB00E8CE04 /* AuthorizationViewController.swift */ = {isa = PBXFileReference; lastKnownFileType = sourcecode.swift; path = AuthorizationViewController.swift; sourceTree = "<group>"; };
		9926831F21668C3000E8CE04 /* MainScreenTabBarController.swift */ = {isa = PBXFileReference; lastKnownFileType = sourcecode.swift; path = MainScreenTabBarController.swift; sourceTree = "<group>"; };
		9929367E216614340008DD48 /* MarvelComics.app */ = {isa = PBXFileReference; explicitFileType = wrapper.application; includeInIndex = 0; path = MarvelComics.app; sourceTree = BUILT_PRODUCTS_DIR; };
		99293681216614340008DD48 /* AppDelegate.swift */ = {isa = PBXFileReference; lastKnownFileType = sourcecode.swift; path = AppDelegate.swift; sourceTree = "<group>"; };
		99293686216614340008DD48 /* Base */ = {isa = PBXFileReference; lastKnownFileType = file.storyboard; name = Base; path = Base.lproj/Main.storyboard; sourceTree = "<group>"; };
		99293688216614360008DD48 /* Assets.xcassets */ = {isa = PBXFileReference; lastKnownFileType = folder.assetcatalog; path = Assets.xcassets; sourceTree = "<group>"; };
		9929368B216614360008DD48 /* Base */ = {isa = PBXFileReference; lastKnownFileType = file.storyboard; name = Base; path = Base.lproj/LaunchScreen.storyboard; sourceTree = "<group>"; };
		9929368D216614360008DD48 /* Info.plist */ = {isa = PBXFileReference; lastKnownFileType = text.plist.xml; path = Info.plist; sourceTree = "<group>"; };
		99293697216614E20008DD48 /* Hero.swift */ = {isa = PBXFileReference; lastKnownFileType = sourcecode.swift; path = Hero.swift; sourceTree = "<group>"; };
		996347A6216B41DE00716ED6 /* HeroCollectionViewCell.swift */ = {isa = PBXFileReference; lastKnownFileType = sourcecode.swift; path = HeroCollectionViewCell.swift; sourceTree = "<group>"; };
		996347AE216B463D00716ED6 /* Heroes.storyboard */ = {isa = PBXFileReference; lastKnownFileType = file.storyboard; path = Heroes.storyboard; sourceTree = "<group>"; };
		996347B7216B64CF00716ED6 /* LogOutService.swift */ = {isa = PBXFileReference; lastKnownFileType = sourcecode.swift; path = LogOutService.swift; sourceTree = "<group>"; };
		996347B9216B6A6500716ED6 /* HeroDetailsViewController.swift */ = {isa = PBXFileReference; lastKnownFileType = sourcecode.swift; path = HeroDetailsViewController.swift; sourceTree = "<group>"; };
		99A106022167444400517659 /* ComicsSummary.swift */ = {isa = PBXFileReference; lastKnownFileType = sourcecode.swift; path = ComicsSummary.swift; sourceTree = "<group>"; };
		99A106042167445100517659 /* StorySummary.swift */ = {isa = PBXFileReference; lastKnownFileType = sourcecode.swift; path = StorySummary.swift; sourceTree = "<group>"; };
		99A106062167445A00517659 /* EventSummary.swift */ = {isa = PBXFileReference; lastKnownFileType = sourcecode.swift; path = EventSummary.swift; sourceTree = "<group>"; };
		99A106082167446F00517659 /* SeriesSummary.swift */ = {isa = PBXFileReference; lastKnownFileType = sourcecode.swift; path = SeriesSummary.swift; sourceTree = "<group>"; };
		99B85F27217092AF0054D741 /* NotificationNameExtension.swift */ = {isa = PBXFileReference; lastKnownFileType = sourcecode.swift; path = NotificationNameExtension.swift; sourceTree = "<group>"; };
		99B85F292170CB710054D741 /* ComicTableViewController.swift */ = {isa = PBXFileReference; lastKnownFileType = sourcecode.swift; path = ComicTableViewController.swift; sourceTree = "<group>"; };
		99B85F2B2170DC5C0054D741 /* StoryTableViewController.swift */ = {isa = PBXFileReference; lastKnownFileType = sourcecode.swift; path = StoryTableViewController.swift; sourceTree = "<group>"; };
		99B85F2D2170DEDE0054D741 /* EventTableViewController.swift */ = {isa = PBXFileReference; lastKnownFileType = sourcecode.swift; path = EventTableViewController.swift; sourceTree = "<group>"; };
		99B85F2F2170E1970054D741 /* SeriesTableViewController.swift */ = {isa = PBXFileReference; lastKnownFileType = sourcecode.swift; path = SeriesTableViewController.swift; sourceTree = "<group>"; };
		99C8D83021661CD100592F5E /* DataContainer.swift */ = {isa = PBXFileReference; lastKnownFileType = sourcecode.swift; path = DataContainer.swift; sourceTree = "<group>"; };
		99EEF5F02173608C009F91C9 /* EmailValidator.swift */ = {isa = PBXFileReference; lastKnownFileType = sourcecode.swift; path = EmailValidator.swift; sourceTree = "<group>"; };
		99EEF5F2217360EF009F91C9 /* PasswordValidator.swift */ = {isa = PBXFileReference; lastKnownFileType = sourcecode.swift; path = PasswordValidator.swift; sourceTree = "<group>"; };
		99EEF5F821736279009F91C9 /* MarvelComicsTests.xctest */ = {isa = PBXFileReference; explicitFileType = wrapper.cfbundle; includeInIndex = 0; path = MarvelComicsTests.xctest; sourceTree = BUILT_PRODUCTS_DIR; };
		99EEF5FA21736279009F91C9 /* MarvelComicsTests.swift */ = {isa = PBXFileReference; lastKnownFileType = sourcecode.swift; path = MarvelComicsTests.swift; sourceTree = "<group>"; };
		99EEF5FC21736279009F91C9 /* Info.plist */ = {isa = PBXFileReference; lastKnownFileType = text.plist.xml; path = Info.plist; sourceTree = "<group>"; };
		99EEF60221736436009F91C9 /* ValidatorTests.swift */ = {isa = PBXFileReference; lastKnownFileType = sourcecode.swift; path = ValidatorTests.swift; sourceTree = "<group>"; };
		99F11603216F375300FED80F /* ValidatorProtocol.swift */ = {isa = PBXFileReference; lastKnownFileType = sourcecode.swift; path = ValidatorProtocol.swift; sourceTree = "<group>"; };
		99F11605216F37DF00FED80F /* StorageManager.swift */ = {isa = PBXFileReference; lastKnownFileType = sourcecode.swift; path = StorageManager.swift; sourceTree = "<group>"; };
		99F5357A216CB54F00B375F8 /* MarvelComics.xcdatamodel */ = {isa = PBXFileReference; lastKnownFileType = wrapper.xcdatamodel; path = MarvelComics.xcdatamodel; sourceTree = "<group>"; };
		E7EF4D6072BD0FF280A737B0 /* Pods-MarvelComics.debug.xcconfig */ = {isa = PBXFileReference; includeInIndex = 1; lastKnownFileType = text.xcconfig; name = "Pods-MarvelComics.debug.xcconfig"; path = "Pods/Target Support Files/Pods-MarvelComics/Pods-MarvelComics.debug.xcconfig"; sourceTree = "<group>"; };
/* End PBXFileReference section */

/* Begin PBXFrameworksBuildPhase section */
		9929367B216614340008DD48 /* Frameworks */ = {
			isa = PBXFrameworksBuildPhase;
			buildActionMask = 2147483647;
			files = (
				8803C449F806C1196EEEA15D /* Pods_MarvelComics.framework in Frameworks */,
			);
			runOnlyForDeploymentPostprocessing = 0;
		};
		99EEF5F521736279009F91C9 /* Frameworks */ = {
			isa = PBXFrameworksBuildPhase;
			buildActionMask = 2147483647;
			files = (
			);
			runOnlyForDeploymentPostprocessing = 0;
		};
/* End PBXFrameworksBuildPhase section */

/* Begin PBXGroup section */
		99293675216614340008DD48 = {
			isa = PBXGroup;
			children = (
				99293680216614340008DD48 /* MarvelComics */,
				99EEF5F921736279009F91C9 /* MarvelComicsTests */,
				9929367F216614340008DD48 /* Products */,
				BE3D957532E149C95EFA45C9 /* Pods */,
				C5698D582A1BE92C81F52201 /* Frameworks */,
			);
			sourceTree = "<group>";
		};
		9929367F216614340008DD48 /* Products */ = {
			isa = PBXGroup;
			children = (
				9929367E216614340008DD48 /* MarvelComics.app */,
				99EEF5F821736279009F91C9 /* MarvelComicsTests.xctest */,
			);
			name = Products;
			sourceTree = "<group>";
		};
		99293680216614340008DD48 /* MarvelComics */ = {
			isa = PBXGroup;
			children = (
				9963479F216B405800716ED6 /* Sources */,
				9963479E216B403C00716ED6 /* Resources */,
			);
			path = MarvelComics;
			sourceTree = "<group>";
		};
		9963479E216B403C00716ED6 /* Resources */ = {
			isa = PBXGroup;
			children = (
				99F53579216CB54F00B375F8 /* MarvelComics.xcdatamodeld */,
				9929368D216614360008DD48 /* Info.plist */,
				99293688216614360008DD48 /* Assets.xcassets */,
				99F115FF216F243600FED80F /* Storyboards */,
			);
			path = Resources;
			sourceTree = "<group>";
		};
		9963479F216B405800716ED6 /* Sources */ = {
			isa = PBXGroup;
			children = (
				99293681216614340008DD48 /* AppDelegate.swift */,
				996347A0216B405D00716ED6 /* Modules */,
				996347A3216B407300716ED6 /* Models */,
				999656202167614F003FAF5F /* DTO */,
				99B85F262170929A0054D741 /* Extensions */,
				996347A1216B406300716ED6 /* Services */,
				99F11602216F372B00FED80F /* Validators */,
			);
			path = Sources;
			sourceTree = "<group>";
		};
		996347A0216B405D00716ED6 /* Modules */ = {
			isa = PBXGroup;
			children = (
				99F11600216F246000FED80F /* MainScreen */,
				996347B0216B498A00716ED6 /* Authorization */,
				996347A5216B41BF00716ED6 /* Heroes */,
				99F11601216F36BB00FED80F /* Heroes Details */,
			);
			path = Modules;
			sourceTree = "<group>";
		};
		996347A1216B406300716ED6 /* Services */ = {
			isa = PBXGroup;
			children = (
				996347B7216B64CF00716ED6 /* LogOutService.swift */,
				992683192166341900E8CE04 /* RequestManager.swift */,
				99F11605216F37DF00FED80F /* StorageManager.swift */,
			);
			path = Services;
			sourceTree = "<group>";
		};
		996347A3216B407300716ED6 /* Models */ = {
			isa = PBXGroup;
			children = (
				99293697216614E20008DD48 /* Hero.swift */,
				992316EC216C7F3D00344902 /* Comic.swift */,
				992316F4216C88BC00344902 /* Event.swift */,
				992316F2216C889F00344902 /* Series.swift */,
				992316F0216C883300344902 /* Story.swift */,
				99184A2D21677C7E00F49D36 /* MarverlUrl.swift */,
				99184A2F21677CC100F49D36 /* MarverlImage.swift */,
				992316EE216C832600344902 /* EntityWithTitleAndMarvelImageProtocol.swift */,
				99184A3D21679B9000F49D36 /* SummaryProtocol.swift */,
				99A106022167444400517659 /* ComicsSummary.swift */,
				99A106042167445100517659 /* StorySummary.swift */,
				99A106062167445A00517659 /* EventSummary.swift */,
				99A106082167446F00517659 /* SeriesSummary.swift */,
			);
			path = Models;
			sourceTree = "<group>";
		};
		996347A5216B41BF00716ED6 /* Heroes */ = {
			isa = PBXGroup;
			children = (
				996347A6216B41DE00716ED6 /* HeroCollectionViewCell.swift */,
				99268317216633A000E8CE04 /* HeroListViewController.swift */,
			);
			path = Heroes;
			sourceTree = "<group>";
		};
		996347B0216B498A00716ED6 /* Authorization */ = {
			isa = PBXGroup;
			children = (
				9926831B21663CDB00E8CE04 /* AuthorizationViewController.swift */,
			);
			path = Authorization;
			sourceTree = "<group>";
		};
		999656202167614F003FAF5F /* DTO */ = {
			isa = PBXGroup;
			children = (
				99C8D83021661CD100592F5E /* DataContainer.swift */,
				992683152166319500E8CE04 /* ResponseDataWrapper.swift */,
				99184A3F21679C9300F49D36 /* DataList.swift */,
			);
			path = DTO;
			sourceTree = "<group>";
		};
		99B85F262170929A0054D741 /* Extensions */ = {
			isa = PBXGroup;
			children = (
				99B85F27217092AF0054D741 /* NotificationNameExtension.swift */,
			);
			path = Extensions;
			sourceTree = "<group>";
		};
		99EEF5F921736279009F91C9 /* MarvelComicsTests */ = {
			isa = PBXGroup;
			children = (
				99EEF60221736436009F91C9 /* ValidatorTests.swift */,
				99EEF5FA21736279009F91C9 /* MarvelComicsTests.swift */,
				99EEF5FC21736279009F91C9 /* Info.plist */,
			);
			path = MarvelComicsTests;
			sourceTree = "<group>";
		};
		99F115FF216F243600FED80F /* Storyboards */ = {
			isa = PBXGroup;
			children = (
				996347AE216B463D00716ED6 /* Heroes.storyboard */,
				99293685216614340008DD48 /* Main.storyboard */,
				9929368A216614360008DD48 /* LaunchScreen.storyboard */,
			);
			path = Storyboards;
			sourceTree = "<group>";
		};
		99F11600216F246000FED80F /* MainScreen */ = {
			isa = PBXGroup;
			children = (
				9926831F21668C3000E8CE04 /* MainScreenTabBarController.swift */,
			);
			path = MainScreen;
			sourceTree = "<group>";
		};
		99F11601216F36BB00FED80F /* Heroes Details */ = {
			isa = PBXGroup;
			children = (
				996347B9216B6A6500716ED6 /* HeroDetailsViewController.swift */,
				992316E8216B954F00344902 /* AdditionalDetailsPageViewController.swift */,
				99B85F292170CB710054D741 /* ComicTableViewController.swift */,
				99B85F2B2170DC5C0054D741 /* StoryTableViewController.swift */,
				99B85F2D2170DEDE0054D741 /* EventTableViewController.swift */,
				99B85F2F2170E1970054D741 /* SeriesTableViewController.swift */,
			);
			path = "Heroes Details";
			sourceTree = "<group>";
		};
		99F11602216F372B00FED80F /* Validators */ = {
			isa = PBXGroup;
			children = (
				99F11603216F375300FED80F /* ValidatorProtocol.swift */,
				99EEF5F02173608C009F91C9 /* EmailValidator.swift */,
				99EEF5F2217360EF009F91C9 /* PasswordValidator.swift */,
			);
			path = Validators;
			sourceTree = "<group>";
		};
		BE3D957532E149C95EFA45C9 /* Pods */ = {
			isa = PBXGroup;
			children = (
				E7EF4D6072BD0FF280A737B0 /* Pods-MarvelComics.debug.xcconfig */,
				8753238F3B0D5654BD6A1E8E /* Pods-MarvelComics.release.xcconfig */,
			);
			name = Pods;
			sourceTree = "<group>";
		};
		C5698D582A1BE92C81F52201 /* Frameworks */ = {
			isa = PBXGroup;
			children = (
				76E0C918AD6050A120C06E2C /* Pods_MarvelComics.framework */,
			);
			name = Frameworks;
			sourceTree = "<group>";
		};
/* End PBXGroup section */

/* Begin PBXNativeTarget section */
		9929367D216614340008DD48 /* MarvelComics */ = {
			isa = PBXNativeTarget;
			buildConfigurationList = 99293690216614360008DD48 /* Build configuration list for PBXNativeTarget "MarvelComics" */;
			buildPhases = (
				0D7EE5DB9B1D56EB14A4431C /* [CP] Check Pods Manifest.lock */,
				9929367A216614340008DD48 /* Sources */,
				9929367B216614340008DD48 /* Frameworks */,
				9929367C216614340008DD48 /* Resources */,
				76C466709F7F399B989780A9 /* [CP] Embed Pods Frameworks */,
			);
			buildRules = (
			);
			dependencies = (
			);
			name = MarvelComics;
			productName = MarvelComics;
			productReference = 9929367E216614340008DD48 /* MarvelComics.app */;
			productType = "com.apple.product-type.application";
		};
		99EEF5F721736279009F91C9 /* MarvelComicsTests */ = {
			isa = PBXNativeTarget;
			buildConfigurationList = 99EEF5FF21736279009F91C9 /* Build configuration list for PBXNativeTarget "MarvelComicsTests" */;
			buildPhases = (
				99EEF5F421736279009F91C9 /* Sources */,
				99EEF5F521736279009F91C9 /* Frameworks */,
				99EEF5F621736279009F91C9 /* Resources */,
			);
			buildRules = (
			);
			dependencies = (
				99EEF5FE21736279009F91C9 /* PBXTargetDependency */,
			);
			name = MarvelComicsTests;
			productName = MarvelComicsTests;
			productReference = 99EEF5F821736279009F91C9 /* MarvelComicsTests.xctest */;
			productType = "com.apple.product-type.bundle.unit-test";
		};
/* End PBXNativeTarget section */

/* Begin PBXProject section */
		99293676216614340008DD48 /* Project object */ = {
			isa = PBXProject;
			attributes = {
				LastSwiftUpdateCheck = 1000;
				LastUpgradeCheck = 1000;
				ORGANIZATIONNAME = "Kovalenko Ilia";
				TargetAttributes = {
					9929367D216614340008DD48 = {
						CreatedOnToolsVersion = 10.0;
					};
					99EEF5F721736279009F91C9 = {
						CreatedOnToolsVersion = 10.0;
						TestTargetID = 9929367D216614340008DD48;
					};
				};
			};
			buildConfigurationList = 99293679216614340008DD48 /* Build configuration list for PBXProject "MarvelComics" */;
			compatibilityVersion = "Xcode 10.0";
			developmentRegion = en;
			hasScannedForEncodings = 0;
			knownRegions = (
				en,
				Base,
			);
			mainGroup = 99293675216614340008DD48;
			productRefGroup = 9929367F216614340008DD48 /* Products */;
			projectDirPath = "";
			projectRoot = "";
			targets = (
				9929367D216614340008DD48 /* MarvelComics */,
				99EEF5F721736279009F91C9 /* MarvelComicsTests */,
			);
		};
/* End PBXProject section */

/* Begin PBXResourcesBuildPhase section */
		9929367C216614340008DD48 /* Resources */ = {
			isa = PBXResourcesBuildPhase;
			buildActionMask = 2147483647;
			files = (
				9929368C216614360008DD48 /* LaunchScreen.storyboard in Resources */,
				99293689216614360008DD48 /* Assets.xcassets in Resources */,
				99293687216614340008DD48 /* Main.storyboard in Resources */,
				996347AF216B463D00716ED6 /* Heroes.storyboard in Resources */,
			);
			runOnlyForDeploymentPostprocessing = 0;
		};
		99EEF5F621736279009F91C9 /* Resources */ = {
			isa = PBXResourcesBuildPhase;
			buildActionMask = 2147483647;
			files = (
			);
			runOnlyForDeploymentPostprocessing = 0;
		};
/* End PBXResourcesBuildPhase section */

/* Begin PBXShellScriptBuildPhase section */
		0D7EE5DB9B1D56EB14A4431C /* [CP] Check Pods Manifest.lock */ = {
			isa = PBXShellScriptBuildPhase;
			buildActionMask = 2147483647;
			files = (
			);
			inputPaths = (
				"${PODS_PODFILE_DIR_PATH}/Podfile.lock",
				"${PODS_ROOT}/Manifest.lock",
			);
			name = "[CP] Check Pods Manifest.lock";
			outputPaths = (
				"$(DERIVED_FILE_DIR)/Pods-MarvelComics-checkManifestLockResult.txt",
			);
			runOnlyForDeploymentPostprocessing = 0;
			shellPath = /bin/sh;
			shellScript = "diff \"${PODS_PODFILE_DIR_PATH}/Podfile.lock\" \"${PODS_ROOT}/Manifest.lock\" > /dev/null\nif [ $? != 0 ] ; then\n    # print error to STDERR\n    echo \"error: The sandbox is not in sync with the Podfile.lock. Run 'pod install' or update your CocoaPods installation.\" >&2\n    exit 1\nfi\n# This output is used by Xcode 'outputs' to avoid re-running this script phase.\necho \"SUCCESS\" > \"${SCRIPT_OUTPUT_FILE_0}\"\n";
			showEnvVarsInLog = 0;
		};
		76C466709F7F399B989780A9 /* [CP] Embed Pods Frameworks */ = {
			isa = PBXShellScriptBuildPhase;
			buildActionMask = 2147483647;
			files = (
			);
			inputPaths = (
				"${SRCROOT}/Pods/Target Support Files/Pods-MarvelComics/Pods-MarvelComics-frameworks.sh",
				"${BUILT_PRODUCTS_DIR}/Alamofire/Alamofire.framework",
				"${BUILT_PRODUCTS_DIR}/Kingfisher/Kingfisher.framework",
				"${BUILT_PRODUCTS_DIR}/ObjectMapper/ObjectMapper.framework",
				"${BUILT_PRODUCTS_DIR}/SwiftHash/SwiftHash.framework",
			);
			name = "[CP] Embed Pods Frameworks";
			outputPaths = (
				"${TARGET_BUILD_DIR}/${FRAMEWORKS_FOLDER_PATH}/Alamofire.framework",
				"${TARGET_BUILD_DIR}/${FRAMEWORKS_FOLDER_PATH}/Kingfisher.framework",
				"${TARGET_BUILD_DIR}/${FRAMEWORKS_FOLDER_PATH}/ObjectMapper.framework",
				"${TARGET_BUILD_DIR}/${FRAMEWORKS_FOLDER_PATH}/SwiftHash.framework",
			);
			runOnlyForDeploymentPostprocessing = 0;
			shellPath = /bin/sh;
			shellScript = "\"${SRCROOT}/Pods/Target Support Files/Pods-MarvelComics/Pods-MarvelComics-frameworks.sh\"\n";
			showEnvVarsInLog = 0;
		};
/* End PBXShellScriptBuildPhase section */

/* Begin PBXSourcesBuildPhase section */
		9929367A216614340008DD48 /* Sources */ = {
			isa = PBXSourcesBuildPhase;
			buildActionMask = 2147483647;
			files = (
				99C8D83121661CD100592F5E /* DataContainer.swift in Sources */,
				99B85F2C2170DC5C0054D741 /* StoryTableViewController.swift in Sources */,
				99184A3E21679B9000F49D36 /* SummaryProtocol.swift in Sources */,
				9926832021668C3000E8CE04 /* MainScreenTabBarController.swift in Sources */,
				9926831A2166341900E8CE04 /* RequestManager.swift in Sources */,
				99293682216614340008DD48 /* AppDelegate.swift in Sources */,
				99B85F2A2170CB710054D741 /* ComicTableViewController.swift in Sources */,
				99EEF5F3217360EF009F91C9 /* PasswordValidator.swift in Sources */,
				99A106032167444400517659 /* ComicsSummary.swift in Sources */,
				99B85F28217092AF0054D741 /* NotificationNameExtension.swift in Sources */,
				992316ED216C7F3D00344902 /* Comic.swift in Sources */,
				99F11604216F375300FED80F /* ValidatorProtocol.swift in Sources */,
				996347BA216B6A6500716ED6 /* HeroDetailsViewController.swift in Sources */,
				9926831C21663CDB00E8CE04 /* AuthorizationViewController.swift in Sources */,
				996347A7216B41DE00716ED6 /* HeroCollectionViewCell.swift in Sources */,
				992316EF216C832600344902 /* EntityWithTitleAndMarvelImageProtocol.swift in Sources */,
				992316E9216B954F00344902 /* AdditionalDetailsPageViewController.swift in Sources */,
				992316F5216C88BC00344902 /* Event.swift in Sources */,
				99B85F302170E1970054D741 /* SeriesTableViewController.swift in Sources */,
				99A106052167445100517659 /* StorySummary.swift in Sources */,
				99A106092167446F00517659 /* SeriesSummary.swift in Sources */,
				99184A4021679C9300F49D36 /* DataList.swift in Sources */,
				99268318216633A000E8CE04 /* HeroListViewController.swift in Sources */,
				99B85F2E2170DEDE0054D741 /* EventTableViewController.swift in Sources */,
				99EEF5F12173608C009F91C9 /* EmailValidator.swift in Sources */,
				996347B8216B64CF00716ED6 /* LogOutService.swift in Sources */,
				992683162166319500E8CE04 /* ResponseDataWrapper.swift in Sources */,
				992316F3216C889F00344902 /* Series.swift in Sources */,
				99A106072167445A00517659 /* EventSummary.swift in Sources */,
				99F5357B216CB54F00B375F8 /* MarvelComics.xcdatamodeld in Sources */,
				99184A2E21677C7E00F49D36 /* MarverlUrl.swift in Sources */,
				99293698216614E20008DD48 /* Hero.swift in Sources */,
				99F11606216F37DF00FED80F /* StorageManager.swift in Sources */,
				99184A3021677CC100F49D36 /* MarverlImage.swift in Sources */,
				992316F1216C883300344902 /* Story.swift in Sources */,
			);
			runOnlyForDeploymentPostprocessing = 0;
		};
		99EEF5F421736279009F91C9 /* Sources */ = {
			isa = PBXSourcesBuildPhase;
			buildActionMask = 2147483647;
			files = (
				99EEF60321736436009F91C9 /* ValidatorTests.swift in Sources */,
				99EEF5FB21736279009F91C9 /* MarvelComicsTests.swift in Sources */,
			);
			runOnlyForDeploymentPostprocessing = 0;
		};
/* End PBXSourcesBuildPhase section */

/* Begin PBXTargetDependency section */
		99EEF5FE21736279009F91C9 /* PBXTargetDependency */ = {
			isa = PBXTargetDependency;
			target = 9929367D216614340008DD48 /* MarvelComics */;
			targetProxy = 99EEF5FD21736279009F91C9 /* PBXContainerItemProxy */;
		};
/* End PBXTargetDependency section */

/* Begin PBXVariantGroup section */
		99293685216614340008DD48 /* Main.storyboard */ = {
			isa = PBXVariantGroup;
			children = (
				99293686216614340008DD48 /* Base */,
			);
			name = Main.storyboard;
			sourceTree = "<group>";
		};
		9929368A216614360008DD48 /* LaunchScreen.storyboard */ = {
			isa = PBXVariantGroup;
			children = (
				9929368B216614360008DD48 /* Base */,
			);
			name = LaunchScreen.storyboard;
			sourceTree = "<group>";
		};
/* End PBXVariantGroup section */

/* Begin XCBuildConfiguration section */
		9929368E216614360008DD48 /* Debug */ = {
			isa = XCBuildConfiguration;
			buildSettings = {
				ALWAYS_SEARCH_USER_PATHS = NO;
				CLANG_ANALYZER_NONNULL = YES;
				CLANG_ANALYZER_NUMBER_OBJECT_CONVERSION = YES_AGGRESSIVE;
				CLANG_CXX_LANGUAGE_STANDARD = "gnu++14";
				CLANG_CXX_LIBRARY = "libc++";
				CLANG_ENABLE_MODULES = YES;
				CLANG_ENABLE_OBJC_ARC = YES;
				CLANG_ENABLE_OBJC_WEAK = YES;
				CLANG_WARN_BLOCK_CAPTURE_AUTORELEASING = YES;
				CLANG_WARN_BOOL_CONVERSION = YES;
				CLANG_WARN_COMMA = YES;
				CLANG_WARN_CONSTANT_CONVERSION = YES;
				CLANG_WARN_DEPRECATED_OBJC_IMPLEMENTATIONS = YES;
				CLANG_WARN_DIRECT_OBJC_ISA_USAGE = YES_ERROR;
				CLANG_WARN_DOCUMENTATION_COMMENTS = YES;
				CLANG_WARN_EMPTY_BODY = YES;
				CLANG_WARN_ENUM_CONVERSION = YES;
				CLANG_WARN_INFINITE_RECURSION = YES;
				CLANG_WARN_INT_CONVERSION = YES;
				CLANG_WARN_NON_LITERAL_NULL_CONVERSION = YES;
				CLANG_WARN_OBJC_IMPLICIT_RETAIN_SELF = YES;
				CLANG_WARN_OBJC_LITERAL_CONVERSION = YES;
				CLANG_WARN_OBJC_ROOT_CLASS = YES_ERROR;
				CLANG_WARN_RANGE_LOOP_ANALYSIS = YES;
				CLANG_WARN_STRICT_PROTOTYPES = YES;
				CLANG_WARN_SUSPICIOUS_MOVE = YES;
				CLANG_WARN_UNGUARDED_AVAILABILITY = YES_AGGRESSIVE;
				CLANG_WARN_UNREACHABLE_CODE = YES;
				CLANG_WARN__DUPLICATE_METHOD_MATCH = YES;
				CODE_SIGN_IDENTITY = "iPhone Developer";
				COPY_PHASE_STRIP = NO;
				DEBUG_INFORMATION_FORMAT = dwarf;
				ENABLE_STRICT_OBJC_MSGSEND = YES;
				ENABLE_TESTABILITY = YES;
				GCC_C_LANGUAGE_STANDARD = gnu11;
				GCC_DYNAMIC_NO_PIC = NO;
				GCC_NO_COMMON_BLOCKS = YES;
				GCC_OPTIMIZATION_LEVEL = 0;
				GCC_PREPROCESSOR_DEFINITIONS = (
					"DEBUG=1",
					"$(inherited)",
				);
				GCC_WARN_64_TO_32_BIT_CONVERSION = YES;
				GCC_WARN_ABOUT_RETURN_TYPE = YES_ERROR;
				GCC_WARN_UNDECLARED_SELECTOR = YES;
				GCC_WARN_UNINITIALIZED_AUTOS = YES_AGGRESSIVE;
				GCC_WARN_UNUSED_FUNCTION = YES;
				GCC_WARN_UNUSED_VARIABLE = YES;
				IPHONEOS_DEPLOYMENT_TARGET = 12.0;
				MTL_ENABLE_DEBUG_INFO = INCLUDE_SOURCE;
				MTL_FAST_MATH = YES;
				ONLY_ACTIVE_ARCH = YES;
				SDKROOT = iphoneos;
				SWIFT_ACTIVE_COMPILATION_CONDITIONS = DEBUG;
				SWIFT_OPTIMIZATION_LEVEL = "-Onone";
			};
			name = Debug;
		};
		9929368F216614360008DD48 /* Release */ = {
			isa = XCBuildConfiguration;
			buildSettings = {
				ALWAYS_SEARCH_USER_PATHS = NO;
				CLANG_ANALYZER_NONNULL = YES;
				CLANG_ANALYZER_NUMBER_OBJECT_CONVERSION = YES_AGGRESSIVE;
				CLANG_CXX_LANGUAGE_STANDARD = "gnu++14";
				CLANG_CXX_LIBRARY = "libc++";
				CLANG_ENABLE_MODULES = YES;
				CLANG_ENABLE_OBJC_ARC = YES;
				CLANG_ENABLE_OBJC_WEAK = YES;
				CLANG_WARN_BLOCK_CAPTURE_AUTORELEASING = YES;
				CLANG_WARN_BOOL_CONVERSION = YES;
				CLANG_WARN_COMMA = YES;
				CLANG_WARN_CONSTANT_CONVERSION = YES;
				CLANG_WARN_DEPRECATED_OBJC_IMPLEMENTATIONS = YES;
				CLANG_WARN_DIRECT_OBJC_ISA_USAGE = YES_ERROR;
				CLANG_WARN_DOCUMENTATION_COMMENTS = YES;
				CLANG_WARN_EMPTY_BODY = YES;
				CLANG_WARN_ENUM_CONVERSION = YES;
				CLANG_WARN_INFINITE_RECURSION = YES;
				CLANG_WARN_INT_CONVERSION = YES;
				CLANG_WARN_NON_LITERAL_NULL_CONVERSION = YES;
				CLANG_WARN_OBJC_IMPLICIT_RETAIN_SELF = YES;
				CLANG_WARN_OBJC_LITERAL_CONVERSION = YES;
				CLANG_WARN_OBJC_ROOT_CLASS = YES_ERROR;
				CLANG_WARN_RANGE_LOOP_ANALYSIS = YES;
				CLANG_WARN_STRICT_PROTOTYPES = YES;
				CLANG_WARN_SUSPICIOUS_MOVE = YES;
				CLANG_WARN_UNGUARDED_AVAILABILITY = YES_AGGRESSIVE;
				CLANG_WARN_UNREACHABLE_CODE = YES;
				CLANG_WARN__DUPLICATE_METHOD_MATCH = YES;
				CODE_SIGN_IDENTITY = "iPhone Developer";
				COPY_PHASE_STRIP = NO;
				DEBUG_INFORMATION_FORMAT = "dwarf-with-dsym";
				ENABLE_NS_ASSERTIONS = NO;
				ENABLE_STRICT_OBJC_MSGSEND = YES;
				GCC_C_LANGUAGE_STANDARD = gnu11;
				GCC_NO_COMMON_BLOCKS = YES;
				GCC_WARN_64_TO_32_BIT_CONVERSION = YES;
				GCC_WARN_ABOUT_RETURN_TYPE = YES_ERROR;
				GCC_WARN_UNDECLARED_SELECTOR = YES;
				GCC_WARN_UNINITIALIZED_AUTOS = YES_AGGRESSIVE;
				GCC_WARN_UNUSED_FUNCTION = YES;
				GCC_WARN_UNUSED_VARIABLE = YES;
				IPHONEOS_DEPLOYMENT_TARGET = 12.0;
				MTL_ENABLE_DEBUG_INFO = NO;
				MTL_FAST_MATH = YES;
				SDKROOT = iphoneos;
				SWIFT_COMPILATION_MODE = wholemodule;
				SWIFT_OPTIMIZATION_LEVEL = "-O";
				VALIDATE_PRODUCT = YES;
			};
			name = Release;
		};
		99293691216614360008DD48 /* Debug */ = {
			isa = XCBuildConfiguration;
			baseConfigurationReference = E7EF4D6072BD0FF280A737B0 /* Pods-MarvelComics.debug.xcconfig */;
			buildSettings = {
				ASSETCATALOG_COMPILER_APPICON_NAME = AppIcon;
				CODE_SIGN_STYLE = Automatic;
				DEVELOPMENT_TEAM = QJB3397G8M;
				INFOPLIST_FILE = "$(SRCROOT)/MarvelComics/Resources/Info.plist";
				LD_RUNPATH_SEARCH_PATHS = (
					"$(inherited)",
					"@executable_path/Frameworks",
				);
				PRODUCT_BUNDLE_IDENTIFIER = ru.kovalenko.MarvelComics;
				PRODUCT_NAME = "$(TARGET_NAME)";
				SWIFT_VERSION = 4.2;
				TARGETED_DEVICE_FAMILY = 1;
			};
			name = Debug;
		};
		99293692216614360008DD48 /* Release */ = {
			isa = XCBuildConfiguration;
			baseConfigurationReference = 8753238F3B0D5654BD6A1E8E /* Pods-MarvelComics.release.xcconfig */;
			buildSettings = {
				ASSETCATALOG_COMPILER_APPICON_NAME = AppIcon;
				CODE_SIGN_STYLE = Automatic;
				DEVELOPMENT_TEAM = QJB3397G8M;
				INFOPLIST_FILE = "$(SRCROOT)/MarvelComics/Resources/Info.plist";
				LD_RUNPATH_SEARCH_PATHS = (
					"$(inherited)",
					"@executable_path/Frameworks",
				);
				PRODUCT_BUNDLE_IDENTIFIER = ru.kovalenko.MarvelComics;
				PRODUCT_NAME = "$(TARGET_NAME)";
				SWIFT_VERSION = 4.2;
				TARGETED_DEVICE_FAMILY = 1;
			};
			name = Release;
		};
		99EEF60021736279009F91C9 /* Debug */ = {
			isa = XCBuildConfiguration;
			buildSettings = {
				BUNDLE_LOADER = "$(TEST_HOST)";
				CODE_SIGN_STYLE = Automatic;
				DEVELOPMENT_TEAM = QJB3397G8M;
				INFOPLIST_FILE = MarvelComicsTests/Info.plist;
				LD_RUNPATH_SEARCH_PATHS = (
					"$(inherited)",
					"@executable_path/Frameworks",
					"@loader_path/Frameworks",
				);
				PRODUCT_BUNDLE_IDENTIFIER = ru.kovalenko.MarvelComicsTests;
				PRODUCT_NAME = "$(TARGET_NAME)";
				SWIFT_VERSION = 4.2;
				TARGETED_DEVICE_FAMILY = "1,2";
				TEST_HOST = "$(BUILT_PRODUCTS_DIR)/MarvelComics.app/MarvelComics";
			};
			name = Debug;
		};
		99EEF60121736279009F91C9 /* Release */ = {
			isa = XCBuildConfiguration;
			buildSettings = {
				BUNDLE_LOADER = "$(TEST_HOST)";
				CODE_SIGN_STYLE = Automatic;
				DEVELOPMENT_TEAM = QJB3397G8M;
				INFOPLIST_FILE = MarvelComicsTests/Info.plist;
				LD_RUNPATH_SEARCH_PATHS = (
					"$(inherited)",
					"@executable_path/Frameworks",
					"@loader_path/Frameworks",
				);
				PRODUCT_BUNDLE_IDENTIFIER = ru.kovalenko.MarvelComicsTests;
				PRODUCT_NAME = "$(TARGET_NAME)";
				SWIFT_VERSION = 4.2;
				TARGETED_DEVICE_FAMILY = "1,2";
				TEST_HOST = "$(BUILT_PRODUCTS_DIR)/MarvelComics.app/MarvelComics";
			};
			name = Release;
		};
/* End XCBuildConfiguration section */

/* Begin XCConfigurationList section */
		99293679216614340008DD48 /* Build configuration list for PBXProject "MarvelComics" */ = {
			isa = XCConfigurationList;
			buildConfigurations = (
				9929368E216614360008DD48 /* Debug */,
				9929368F216614360008DD48 /* Release */,
			);
			defaultConfigurationIsVisible = 0;
			defaultConfigurationName = Release;
		};
		99293690216614360008DD48 /* Build configuration list for PBXNativeTarget "MarvelComics" */ = {
			isa = XCConfigurationList;
			buildConfigurations = (
				99293691216614360008DD48 /* Debug */,
				99293692216614360008DD48 /* Release */,
			);
			defaultConfigurationIsVisible = 0;
			defaultConfigurationName = Release;
		};
		99EEF5FF21736279009F91C9 /* Build configuration list for PBXNativeTarget "MarvelComicsTests" */ = {
			isa = XCConfigurationList;
			buildConfigurations = (
				99EEF60021736279009F91C9 /* Debug */,
				99EEF60121736279009F91C9 /* Release */,
			);
			defaultConfigurationIsVisible = 0;
			defaultConfigurationName = Release;
		};
/* End XCConfigurationList section */

/* Begin XCVersionGroup section */
		99F53579216CB54F00B375F8 /* MarvelComics.xcdatamodeld */ = {
			isa = XCVersionGroup;
			children = (
				99F5357A216CB54F00B375F8 /* MarvelComics.xcdatamodel */,
			);
			currentVersion = 99F5357A216CB54F00B375F8 /* MarvelComics.xcdatamodel */;
			path = MarvelComics.xcdatamodeld;
			sourceTree = "<group>";
			versionGroupType = wrapper.xcdatamodel;
		};
/* End XCVersionGroup section */
	};
	rootObject = 99293676216614340008DD48 /* Project object */;
}
